// !$*UTF8*$!
{
	archiveVersion = 1;
	classes = {
	};
	objectVersion = 46;
	objects = {

/* Begin PBXBuildFile section */
		96902DB71C04557C00CDF834 /* UseCoinTableViewController.m in Sources */ = {isa = PBXBuildFile; fileRef = 96902DB61C04557C00CDF834 /* UseCoinTableViewController.m */; settings = {ASSET_TAGS = (); }; };
		9699F4221C0402E70031BFB4 /* main.m in Sources */ = {isa = PBXBuildFile; fileRef = 9699F4211C0402E70031BFB4 /* main.m */; };
		9699F4251C0402E70031BFB4 /* AppDelegate.m in Sources */ = {isa = PBXBuildFile; fileRef = 9699F4241C0402E70031BFB4 /* AppDelegate.m */; };
		9699F42B1C0402E70031BFB4 /* Main.storyboard in Resources */ = {isa = PBXBuildFile; fileRef = 9699F4291C0402E70031BFB4 /* Main.storyboard */; };
		9699F42E1C0402E70031BFB4 /* _4GoldCoinTimeAccount.xcdatamodeld in Sources */ = {isa = PBXBuildFile; fileRef = 9699F42C1C0402E70031BFB4 /* _4GoldCoinTimeAccount.xcdatamodeld */; };
		9699F4301C0402E70031BFB4 /* Assets.xcassets in Resources */ = {isa = PBXBuildFile; fileRef = 9699F42F1C0402E70031BFB4 /* Assets.xcassets */; };
		9699F4331C0402E70031BFB4 /* LaunchScreen.storyboard in Resources */ = {isa = PBXBuildFile; fileRef = 9699F4311C0402E70031BFB4 /* LaunchScreen.storyboard */; };
		9699F43C1C040B5C0031BFB4 /* TodayTableViewController.m in Sources */ = {isa = PBXBuildFile; fileRef = 9699F43B1C040B5C0031BFB4 /* TodayTableViewController.m */; settings = {ASSET_TAGS = (); }; };
		9699F4421C040BBE0031BFB4 /* SetTableViewController.m in Sources */ = {isa = PBXBuildFile; fileRef = 9699F4411C040BBE0031BFB4 /* SetTableViewController.m */; settings = {ASSET_TAGS = (); }; };
		9699F4451C040BED0031BFB4 /* ChartViewController.m in Sources */ = {isa = PBXBuildFile; fileRef = 9699F4441C040BED0031BFB4 /* ChartViewController.m */; settings = {ASSET_TAGS = (); }; };
		9699F4491C040E910031BFB4 /* TodayTableViewCell.m in Sources */ = {isa = PBXBuildFile; fileRef = 9699F4481C040E910031BFB4 /* TodayTableViewCell.m */; settings = {ASSET_TAGS = (); }; };
		96A3C6161C0597D500DE3FB9 /* OneDayCoins.m in Sources */ = {isa = PBXBuildFile; fileRef = 96A3C6151C0597D500DE3FB9 /* OneDayCoins.m */; settings = {ASSET_TAGS = (); }; };
		96A3C6191C0598C000DE3FB9 /* Coin.m in Sources */ = {isa = PBXBuildFile; fileRef = 96A3C6181C0598C000DE3FB9 /* Coin.m */; settings = {ASSET_TAGS = (); }; };
		96FBF19F1C06C72500215D8C /* CDBasket+CoreDataProperties.m in Sources */ = {isa = PBXBuildFile; fileRef = 96FBF1981C06C72500215D8C /* CDBasket+CoreDataProperties.m */; settings = {ASSET_TAGS = (); }; };
		96FBF1A01C06C72500215D8C /* CDBasket.m in Sources */ = {isa = PBXBuildFile; fileRef = 96FBF19A1C06C72500215D8C /* CDBasket.m */; settings = {ASSET_TAGS = (); }; };
		96FBF1A11C06C72500215D8C /* CDCoin+CoreDataProperties.m in Sources */ = {isa = PBXBuildFile; fileRef = 96FBF19C1C06C72500215D8C /* CDCoin+CoreDataProperties.m */; settings = {ASSET_TAGS = (); }; };
		96FBF1A21C06C72500215D8C /* CDCoin.m in Sources */ = {isa = PBXBuildFile; fileRef = 96FBF19E1C06C72500215D8C /* CDCoin.m */; settings = {ASSET_TAGS = (); }; };
		96FBF1A81C06C81200215D8C /* DbManager.m in Sources */ = {isa = PBXBuildFile; fileRef = 96FBF1A71C06C81200215D8C /* DbManager.m */; settings = {ASSET_TAGS = (); }; };
		96FBF1AB1C06C8CB00215D8C /* CDBasketService.m in Sources */ = {isa = PBXBuildFile; fileRef = 96FBF1AA1C06C8CB00215D8C /* CDBasketService.m */; settings = {ASSET_TAGS = (); }; };
		96FBF1AE1C06C8DC00215D8C /* CDCoinService.m in Sources */ = {isa = PBXBuildFile; fileRef = 96FBF1AD1C06C8DC00215D8C /* CDCoinService.m */; settings = {ASSET_TAGS = (); }; };
		96FBF1B11C070E6E00215D8C /* HistoryTableViewController.m in Sources */ = {isa = PBXBuildFile; fileRef = 96FBF1B01C070E6E00215D8C /* HistoryTableViewController.m */; settings = {ASSET_TAGS = (); }; };
		96FBF1B41C07125F00215D8C /* CoinsHistory.m in Sources */ = {isa = PBXBuildFile; fileRef = 96FBF1B31C07125F00215D8C /* CoinsHistory.m */; settings = {ASSET_TAGS = (); }; };
		96FBF1B71C071F5A00215D8C /* LaunchViewController.m in Sources */ = {isa = PBXBuildFile; fileRef = 96FBF1B61C071F5A00215D8C /* LaunchViewController.m */; settings = {ASSET_TAGS = (); }; };
		96FBF1BA1C07373300215D8C /* MonthCollectionViewController.m in Sources */ = {isa = PBXBuildFile; fileRef = 96FBF1B91C07373300215D8C /* MonthCollectionViewController.m */; settings = {ASSET_TAGS = (); }; };
/* End PBXBuildFile section */

/* Begin PBXFileReference section */
		96902DB51C04557C00CDF834 /* UseCoinTableViewController.h */ = {isa = PBXFileReference; fileEncoding = 4; lastKnownFileType = sourcecode.c.h; path = UseCoinTableViewController.h; sourceTree = "<group>"; };
		96902DB61C04557C00CDF834 /* UseCoinTableViewController.m */ = {isa = PBXFileReference; fileEncoding = 4; lastKnownFileType = sourcecode.c.objc; path = UseCoinTableViewController.m; sourceTree = "<group>"; };
		9699F41D1C0402E70031BFB4 /* 34GoldCoinTimeAccount.app */ = {isa = PBXFileReference; explicitFileType = wrapper.application; includeInIndex = 0; path = 34GoldCoinTimeAccount.app; sourceTree = BUILT_PRODUCTS_DIR; };
		9699F4211C0402E70031BFB4 /* main.m */ = {isa = PBXFileReference; lastKnownFileType = sourcecode.c.objc; path = main.m; sourceTree = "<group>"; };
		9699F4231C0402E70031BFB4 /* AppDelegate.h */ = {isa = PBXFileReference; lastKnownFileType = sourcecode.c.h; path = AppDelegate.h; sourceTree = "<group>"; };
		9699F4241C0402E70031BFB4 /* AppDelegate.m */ = {isa = PBXFileReference; lastKnownFileType = sourcecode.c.objc; path = AppDelegate.m; sourceTree = "<group>"; };
		9699F42A1C0402E70031BFB4 /* Base */ = {isa = PBXFileReference; lastKnownFileType = file.storyboard; name = Base; path = Base.lproj/Main.storyboard; sourceTree = "<group>"; };
		9699F42D1C0402E70031BFB4 /* _4GoldCoinTimeAccount.xcdatamodel */ = {isa = PBXFileReference; lastKnownFileType = wrapper.xcdatamodel; path = _4GoldCoinTimeAccount.xcdatamodel; sourceTree = "<group>"; };
		9699F42F1C0402E70031BFB4 /* Assets.xcassets */ = {isa = PBXFileReference; lastKnownFileType = folder.assetcatalog; path = Assets.xcassets; sourceTree = "<group>"; };
		9699F4321C0402E70031BFB4 /* Base */ = {isa = PBXFileReference; lastKnownFileType = file.storyboard; name = Base; path = Base.lproj/LaunchScreen.storyboard; sourceTree = "<group>"; };
		9699F4341C0402E70031BFB4 /* Info.plist */ = {isa = PBXFileReference; lastKnownFileType = text.plist.xml; path = Info.plist; sourceTree = "<group>"; };
		9699F43A1C040B5C0031BFB4 /* TodayTableViewController.h */ = {isa = PBXFileReference; fileEncoding = 4; lastKnownFileType = sourcecode.c.h; path = TodayTableViewController.h; sourceTree = "<group>"; };
		9699F43B1C040B5C0031BFB4 /* TodayTableViewController.m */ = {isa = PBXFileReference; fileEncoding = 4; lastKnownFileType = sourcecode.c.objc; path = TodayTableViewController.m; sourceTree = "<group>"; };
		9699F4401C040BBE0031BFB4 /* SetTableViewController.h */ = {isa = PBXFileReference; fileEncoding = 4; lastKnownFileType = sourcecode.c.h; path = SetTableViewController.h; sourceTree = "<group>"; };
		9699F4411C040BBE0031BFB4 /* SetTableViewController.m */ = {isa = PBXFileReference; fileEncoding = 4; lastKnownFileType = sourcecode.c.objc; path = SetTableViewController.m; sourceTree = "<group>"; };
		9699F4431C040BED0031BFB4 /* ChartViewController.h */ = {isa = PBXFileReference; fileEncoding = 4; lastKnownFileType = sourcecode.c.h; path = ChartViewController.h; sourceTree = "<group>"; };
		9699F4441C040BED0031BFB4 /* ChartViewController.m */ = {isa = PBXFileReference; fileEncoding = 4; lastKnownFileType = sourcecode.c.objc; path = ChartViewController.m; sourceTree = "<group>"; };
		9699F4471C040E910031BFB4 /* TodayTableViewCell.h */ = {isa = PBXFileReference; fileEncoding = 4; lastKnownFileType = sourcecode.c.h; path = TodayTableViewCell.h; sourceTree = "<group>"; };
		9699F4481C040E910031BFB4 /* TodayTableViewCell.m */ = {isa = PBXFileReference; fileEncoding = 4; lastKnownFileType = sourcecode.c.objc; path = TodayTableViewCell.m; sourceTree = "<group>"; };
		9699F44A1C0430450031BFB4 /* common.h */ = {isa = PBXFileReference; lastKnownFileType = sourcecode.c.h; path = common.h; sourceTree = "<group>"; };
		96A3C6141C0597D500DE3FB9 /* OneDayCoins.h */ = {isa = PBXFileReference; fileEncoding = 4; lastKnownFileType = sourcecode.c.h; path = OneDayCoins.h; sourceTree = "<group>"; };
		96A3C6151C0597D500DE3FB9 /* OneDayCoins.m */ = {isa = PBXFileReference; fileEncoding = 4; lastKnownFileType = sourcecode.c.objc; path = OneDayCoins.m; sourceTree = "<group>"; };
		96A3C6171C0598C000DE3FB9 /* Coin.h */ = {isa = PBXFileReference; fileEncoding = 4; lastKnownFileType = sourcecode.c.h; path = Coin.h; sourceTree = "<group>"; };
		96A3C6181C0598C000DE3FB9 /* Coin.m */ = {isa = PBXFileReference; fileEncoding = 4; lastKnownFileType = sourcecode.c.objc; path = Coin.m; sourceTree = "<group>"; };
		96A3C61A1C059D3100DE3FB9 /* Singleton.h */ = {isa = PBXFileReference; fileEncoding = 4; lastKnownFileType = sourcecode.c.h; path = Singleton.h; sourceTree = "<group>"; };
		96FBF1971C06C72500215D8C /* CDBasket+CoreDataProperties.h */ = {isa = PBXFileReference; fileEncoding = 4; lastKnownFileType = sourcecode.c.h; path = "CDBasket+CoreDataProperties.h"; sourceTree = "<group>"; };
		96FBF1981C06C72500215D8C /* CDBasket+CoreDataProperties.m */ = {isa = PBXFileReference; fileEncoding = 4; lastKnownFileType = sourcecode.c.objc; path = "CDBasket+CoreDataProperties.m"; sourceTree = "<group>"; };
		96FBF1991C06C72500215D8C /* CDBasket.h */ = {isa = PBXFileReference; fileEncoding = 4; lastKnownFileType = sourcecode.c.h; path = CDBasket.h; sourceTree = "<group>"; };
		96FBF19A1C06C72500215D8C /* CDBasket.m */ = {isa = PBXFileReference; fileEncoding = 4; lastKnownFileType = sourcecode.c.objc; path = CDBasket.m; sourceTree = "<group>"; };
		96FBF19B1C06C72500215D8C /* CDCoin+CoreDataProperties.h */ = {isa = PBXFileReference; fileEncoding = 4; lastKnownFileType = sourcecode.c.h; path = "CDCoin+CoreDataProperties.h"; sourceTree = "<group>"; };
		96FBF19C1C06C72500215D8C /* CDCoin+CoreDataProperties.m */ = {isa = PBXFileReference; fileEncoding = 4; lastKnownFileType = sourcecode.c.objc; path = "CDCoin+CoreDataProperties.m"; sourceTree = "<group>"; };
		96FBF19D1C06C72500215D8C /* CDCoin.h */ = {isa = PBXFileReference; fileEncoding = 4; lastKnownFileType = sourcecode.c.h; path = CDCoin.h; sourceTree = "<group>"; };
		96FBF19E1C06C72500215D8C /* CDCoin.m */ = {isa = PBXFileReference; fileEncoding = 4; lastKnownFileType = sourcecode.c.objc; path = CDCoin.m; sourceTree = "<group>"; };
		96FBF1A61C06C81200215D8C /* DbManager.h */ = {isa = PBXFileReference; fileEncoding = 4; lastKnownFileType = sourcecode.c.h; path = DbManager.h; sourceTree = "<group>"; };
		96FBF1A71C06C81200215D8C /* DbManager.m */ = {isa = PBXFileReference; fileEncoding = 4; lastKnownFileType = sourcecode.c.objc; path = DbManager.m; sourceTree = "<group>"; };
		96FBF1A91C06C8CB00215D8C /* CDBasketService.h */ = {isa = PBXFileReference; fileEncoding = 4; lastKnownFileType = sourcecode.c.h; path = CDBasketService.h; sourceTree = "<group>"; };
		96FBF1AA1C06C8CB00215D8C /* CDBasketService.m */ = {isa = PBXFileReference; fileEncoding = 4; lastKnownFileType = sourcecode.c.objc; path = CDBasketService.m; sourceTree = "<group>"; };
		96FBF1AC1C06C8DC00215D8C /* CDCoinService.h */ = {isa = PBXFileReference; fileEncoding = 4; lastKnownFileType = sourcecode.c.h; path = CDCoinService.h; sourceTree = "<group>"; };
		96FBF1AD1C06C8DC00215D8C /* CDCoinService.m */ = {isa = PBXFileReference; fileEncoding = 4; lastKnownFileType = sourcecode.c.objc; path = CDCoinService.m; sourceTree = "<group>"; };
		96FBF1AF1C070E6E00215D8C /* HistoryTableViewController.h */ = {isa = PBXFileReference; fileEncoding = 4; lastKnownFileType = sourcecode.c.h; path = HistoryTableViewController.h; sourceTree = "<group>"; };
		96FBF1B01C070E6E00215D8C /* HistoryTableViewController.m */ = {isa = PBXFileReference; fileEncoding = 4; lastKnownFileType = sourcecode.c.objc; path = HistoryTableViewController.m; sourceTree = "<group>"; };
		96FBF1B21C07125F00215D8C /* CoinsHistory.h */ = {isa = PBXFileReference; fileEncoding = 4; lastKnownFileType = sourcecode.c.h; path = CoinsHistory.h; sourceTree = "<group>"; };
		96FBF1B31C07125F00215D8C /* CoinsHistory.m */ = {isa = PBXFileReference; fileEncoding = 4; lastKnownFileType = sourcecode.c.objc; path = CoinsHistory.m; sourceTree = "<group>"; };
		96FBF1B51C071F5A00215D8C /* LaunchViewController.h */ = {isa = PBXFileReference; fileEncoding = 4; lastKnownFileType = sourcecode.c.h; path = LaunchViewController.h; sourceTree = "<group>"; };
		96FBF1B61C071F5A00215D8C /* LaunchViewController.m */ = {isa = PBXFileReference; fileEncoding = 4; lastKnownFileType = sourcecode.c.objc; path = LaunchViewController.m; sourceTree = "<group>"; };
		96FBF1B81C07373300215D8C /* MonthCollectionViewController.h */ = {isa = PBXFileReference; fileEncoding = 4; lastKnownFileType = sourcecode.c.h; path = MonthCollectionViewController.h; sourceTree = "<group>"; };
		96FBF1B91C07373300215D8C /* MonthCollectionViewController.m */ = {isa = PBXFileReference; fileEncoding = 4; lastKnownFileType = sourcecode.c.objc; path = MonthCollectionViewController.m; sourceTree = "<group>"; };
/* End PBXFileReference section */

/* Begin PBXFrameworksBuildPhase section */
		9699F41A1C0402E70031BFB4 /* Frameworks */ = {
			isa = PBXFrameworksBuildPhase;
			buildActionMask = 2147483647;
			files = (
			);
			runOnlyForDeploymentPostprocessing = 0;
		};
/* End PBXFrameworksBuildPhase section */

/* Begin PBXGroup section */
		9699F4141C0402E70031BFB4 = {
			isa = PBXGroup;
			children = (
				9699F41F1C0402E70031BFB4 /* 34GoldCoinTimeAccount */,
				9699F41E1C0402E70031BFB4 /* Products */,
			);
			sourceTree = "<group>";
		};
		9699F41E1C0402E70031BFB4 /* Products */ = {
			isa = PBXGroup;
			children = (
				9699F41D1C0402E70031BFB4 /* 34GoldCoinTimeAccount.app */,
			);
			name = Products;
			sourceTree = "<group>";
		};
		9699F41F1C0402E70031BFB4 /* 34GoldCoinTimeAccount */ = {
			isa = PBXGroup;
			children = (
				96FBF1A51C06C7E400215D8C /* Common */,
				96FBF1A31C06C7D100215D8C /* Service */,
				96FBF1961C06C71200215D8C /* ModelCD */,
				96A3C6131C0597AF00DE3FB9 /* Model */,
				9699F4461C040E730031BFB4 /* TableCells */,
				9699F4231C0402E70031BFB4 /* AppDelegate.h */,
				9699F4241C0402E70031BFB4 /* AppDelegate.m */,
				96902DB51C04557C00CDF834 /* UseCoinTableViewController.h */,
				96902DB61C04557C00CDF834 /* UseCoinTableViewController.m */,
				96FBF1B51C071F5A00215D8C /* LaunchViewController.h */,
				96FBF1B61C071F5A00215D8C /* LaunchViewController.m */,
				96FBF1B81C07373300215D8C /* MonthCollectionViewController.h */,
				96FBF1B91C07373300215D8C /* MonthCollectionViewController.m */,
				9699F43A1C040B5C0031BFB4 /* TodayTableViewController.h */,
				9699F43B1C040B5C0031BFB4 /* TodayTableViewController.m */,
				96FBF1AF1C070E6E00215D8C /* HistoryTableViewController.h */,
				96FBF1B01C070E6E00215D8C /* HistoryTableViewController.m */,
				9699F4401C040BBE0031BFB4 /* SetTableViewController.h */,
				9699F4411C040BBE0031BFB4 /* SetTableViewController.m */,
				9699F4431C040BED0031BFB4 /* ChartViewController.h */,
				9699F4441C040BED0031BFB4 /* ChartViewController.m */,
				9699F4291C0402E70031BFB4 /* Main.storyboard */,
				9699F42F1C0402E70031BFB4 /* Assets.xcassets */,
				9699F4311C0402E70031BFB4 /* LaunchScreen.storyboard */,
				9699F4341C0402E70031BFB4 /* Info.plist */,
				9699F42C1C0402E70031BFB4 /* _4GoldCoinTimeAccount.xcdatamodeld */,
				9699F4201C0402E70031BFB4 /* Supporting Files */,
			);
			path = 34GoldCoinTimeAccount;
			sourceTree = "<group>";
		};
		9699F4201C0402E70031BFB4 /* Supporting Files */ = {
			isa = PBXGroup;
			children = (
				9699F4211C0402E70031BFB4 /* main.m */,
			);
			name = "Supporting Files";
			sourceTree = "<group>";
		};
		9699F4461C040E730031BFB4 /* TableCells */ = {
			isa = PBXGroup;
			children = (
				9699F4471C040E910031BFB4 /* TodayTableViewCell.h */,
				9699F4481C040E910031BFB4 /* TodayTableViewCell.m */,
			);
			name = TableCells;
			sourceTree = "<group>";
		};
		96A3C6131C0597AF00DE3FB9 /* Model */ = {
			isa = PBXGroup;
			children = (
				96A3C6141C0597D500DE3FB9 /* OneDayCoins.h */,
				96A3C6151C0597D500DE3FB9 /* OneDayCoins.m */,
				96A3C6171C0598C000DE3FB9 /* Coin.h */,
				96A3C6181C0598C000DE3FB9 /* Coin.m */,
				96FBF1B21C07125F00215D8C /* CoinsHistory.h */,
				96FBF1B31C07125F00215D8C /* CoinsHistory.m */,
			);
			name = Model;
			sourceTree = "<group>";
		};
		96FBF1961C06C71200215D8C /* ModelCD */ = {
			isa = PBXGroup;
			children = (
				96FBF1971C06C72500215D8C /* CDBasket+CoreDataProperties.h */,
				96FBF1981C06C72500215D8C /* CDBasket+CoreDataProperties.m */,
				96FBF1991C06C72500215D8C /* CDBasket.h */,
				96FBF19A1C06C72500215D8C /* CDBasket.m */,
				96FBF19B1C06C72500215D8C /* CDCoin+CoreDataProperties.h */,
				96FBF19C1C06C72500215D8C /* CDCoin+CoreDataProperties.m */,
				96FBF19D1C06C72500215D8C /* CDCoin.h */,
				96FBF19E1C06C72500215D8C /* CDCoin.m */,
			);
			name = ModelCD;
			sourceTree = "<group>";
		};
		96FBF1A31C06C7D100215D8C /* Service */ = {
			isa = PBXGroup;
			children = (
				96FBF1A91C06C8CB00215D8C /* CDBasketService.h */,
				96FBF1AA1C06C8CB00215D8C /* CDBasketService.m */,
				96FBF1AC1C06C8DC00215D8C /* CDCoinService.h */,
				96FBF1AD1C06C8DC00215D8C /* CDCoinService.m */,
			);
			name = Service;
			sourceTree = "<group>";
		};
		96FBF1A51C06C7E400215D8C /* Common */ = {
			isa = PBXGroup;
			children = (
				96FBF1A61C06C81200215D8C /* DbManager.h */,
				96FBF1A71C06C81200215D8C /* DbManager.m */,
				9699F44A1C0430450031BFB4 /* common.h */,
				96A3C61A1C059D3100DE3FB9 /* Singleton.h */,
			);
			name = Common;
			sourceTree = "<group>";
		};
/* End PBXGroup section */

/* Begin PBXNativeTarget section */
		9699F41C1C0402E70031BFB4 /* 34GoldCoinTimeAccount */ = {
			isa = PBXNativeTarget;
			buildConfigurationList = 9699F4371C0402E70031BFB4 /* Build configuration list for PBXNativeTarget "34GoldCoinTimeAccount" */;
			buildPhases = (
				9699F4191C0402E70031BFB4 /* Sources */,
				9699F41A1C0402E70031BFB4 /* Frameworks */,
				9699F41B1C0402E70031BFB4 /* Resources */,
			);
			buildRules = (
			);
			dependencies = (
			);
			name = 34GoldCoinTimeAccount;
			productName = 34GoldCoinTimeAccount;
			productReference = 9699F41D1C0402E70031BFB4 /* 34GoldCoinTimeAccount.app */;
			productType = "com.apple.product-type.application";
		};
/* End PBXNativeTarget section */

/* Begin PBXProject section */
		9699F4151C0402E70031BFB4 /* Project object */ = {
			isa = PBXProject;
			attributes = {
				LastUpgradeCheck = 0700;
				ORGANIZATIONNAME = JasonAi;
				TargetAttributes = {
					9699F41C1C0402E70031BFB4 = {
						CreatedOnToolsVersion = 7.0;
					};
				};
			};
			buildConfigurationList = 9699F4181C0402E70031BFB4 /* Build configuration list for PBXProject "34GoldCoinTimeAccount" */;
			compatibilityVersion = "Xcode 3.2";
			developmentRegion = English;
			hasScannedForEncodings = 0;
			knownRegions = (
				en,
				Base,
			);
			mainGroup = 9699F4141C0402E70031BFB4;
			productRefGroup = 9699F41E1C0402E70031BFB4 /* Products */;
			projectDirPath = "";
			projectRoot = "";
			targets = (
				9699F41C1C0402E70031BFB4 /* 34GoldCoinTimeAccount */,
			);
		};
/* End PBXProject section */

/* Begin PBXResourcesBuildPhase section */
		9699F41B1C0402E70031BFB4 /* Resources */ = {
			isa = PBXResourcesBuildPhase;
			buildActionMask = 2147483647;
			files = (
				9699F4331C0402E70031BFB4 /* LaunchScreen.storyboard in Resources */,
				9699F4301C0402E70031BFB4 /* Assets.xcassets in Resources */,
				9699F42B1C0402E70031BFB4 /* Main.storyboard in Resources */,
			);
			runOnlyForDeploymentPostprocessing = 0;
		};
/* End PBXResourcesBuildPhase section */

/* Begin PBXSourcesBuildPhase section */
		9699F4191C0402E70031BFB4 /* Sources */ = {
			isa = PBXSourcesBuildPhase;
			buildActionMask = 2147483647;
			files = (
				96FBF1B11C070E6E00215D8C /* HistoryTableViewController.m in Sources */,
				9699F42E1C0402E70031BFB4 /* _4GoldCoinTimeAccount.xcdatamodeld in Sources */,
				9699F43C1C040B5C0031BFB4 /* TodayTableViewController.m in Sources */,
				96FBF1B71C071F5A00215D8C /* LaunchViewController.m in Sources */,
				9699F4491C040E910031BFB4 /* TodayTableViewCell.m in Sources */,
				96FBF19F1C06C72500215D8C /* CDBasket+CoreDataProperties.m in Sources */,
				96FBF1BA1C07373300215D8C /* MonthCollectionViewController.m in Sources */,
				96A3C6161C0597D500DE3FB9 /* OneDayCoins.m in Sources */,
				96FBF1A21C06C72500215D8C /* CDCoin.m in Sources */,
				96FBF1A81C06C81200215D8C /* DbManager.m in Sources */,
				9699F4451C040BED0031BFB4 /* ChartViewController.m in Sources */,
				96FBF1A11C06C72500215D8C /* CDCoin+CoreDataProperties.m in Sources */,
				9699F4251C0402E70031BFB4 /* AppDelegate.m in Sources */,
				96902DB71C04557C00CDF834 /* UseCoinTableViewController.m in Sources */,
				96FBF1AB1C06C8CB00215D8C /* CDBasketService.m in Sources */,
				96FBF1B41C07125F00215D8C /* CoinsHistory.m in Sources */,
				96FBF1AE1C06C8DC00215D8C /* CDCoinService.m in Sources */,
				9699F4421C040BBE0031BFB4 /* SetTableViewController.m in Sources */,
				96A3C6191C0598C000DE3FB9 /* Coin.m in Sources */,
				9699F4221C0402E70031BFB4 /* main.m in Sources */,
				96FBF1A01C06C72500215D8C /* CDBasket.m in Sources */,
			);
			runOnlyForDeploymentPostprocessing = 0;
		};
/* End PBXSourcesBuildPhase section */

/* Begin PBXVariantGroup section */
		9699F4291C0402E70031BFB4 /* Main.storyboard */ = {
			isa = PBXVariantGroup;
			children = (
				9699F42A1C0402E70031BFB4 /* Base */,
			);
			name = Main.storyboard;
			sourceTree = "<group>";
		};
		9699F4311C0402E70031BFB4 /* LaunchScreen.storyboard */ = {
			isa = PBXVariantGroup;
			children = (
				9699F4321C0402E70031BFB4 /* Base */,
			);
			name = LaunchScreen.storyboard;
			sourceTree = "<group>";
		};
/* End PBXVariantGroup section */

/* Begin XCBuildConfiguration section */
		9699F4351C0402E70031BFB4 /* Debug */ = {
			isa = XCBuildConfiguration;
			buildSettings = {
				ALWAYS_SEARCH_USER_PATHS = NO;
				CLANG_CXX_LANGUAGE_STANDARD = "gnu++0x";
				CLANG_CXX_LIBRARY = "libc++";
				CLANG_ENABLE_MODULES = YES;
				CLANG_ENABLE_OBJC_ARC = YES;
				CLANG_WARN_BOOL_CONVERSION = YES;
				CLANG_WARN_CONSTANT_CONVERSION = YES;
				CLANG_WARN_DIRECT_OBJC_ISA_USAGE = YES_ERROR;
				CLANG_WARN_EMPTY_BODY = YES;
				CLANG_WARN_ENUM_CONVERSION = YES;
				CLANG_WARN_INT_CONVERSION = YES;
				CLANG_WARN_OBJC_ROOT_CLASS = YES_ERROR;
				CLANG_WARN_UNREACHABLE_CODE = YES;
				CLANG_WARN__DUPLICATE_METHOD_MATCH = YES;
				"CODE_SIGN_IDENTITY[sdk=iphoneos*]" = "iPhone Developer";
				COPY_PHASE_STRIP = NO;
				DEBUG_INFORMATION_FORMAT = dwarf;
				ENABLE_STRICT_OBJC_MSGSEND = YES;
				ENABLE_TESTABILITY = YES;
				GCC_C_LANGUAGE_STANDARD = gnu99;
				GCC_DYNAMIC_NO_PIC = NO;
				GCC_NO_COMMON_BLOCKS = YES;
				GCC_OPTIMIZATION_LEVEL = 0;
				GCC_PREPROCESSOR_DEFINITIONS = (
					"DEBUG=1",
					"$(inherited)",
				);
				GCC_WARN_64_TO_32_BIT_CONVERSION = YES;
				GCC_WARN_ABOUT_RETURN_TYPE = YES_ERROR;
				GCC_WARN_UNDECLARED_SELECTOR = YES;
				GCC_WARN_UNINITIALIZED_AUTOS = YES_AGGRESSIVE;
				GCC_WARN_UNUSED_FUNCTION = YES;
				GCC_WARN_UNUSED_VARIABLE = YES;
				IPHONEOS_DEPLOYMENT_TARGET = 9.0;
				MTL_ENABLE_DEBUG_INFO = YES;
				ONLY_ACTIVE_ARCH = YES;
				SDKROOT = iphoneos;
			};
			name = Debug;
		};
		9699F4361C0402E70031BFB4 /* Release */ = {
			isa = XCBuildConfiguration;
			buildSettings = {
				ALWAYS_SEARCH_USER_PATHS = NO;
				CLANG_CXX_LANGUAGE_STANDARD = "gnu++0x";
				CLANG_CXX_LIBRARY = "libc++";
				CLANG_ENABLE_MODULES = YES;
				CLANG_ENABLE_OBJC_ARC = YES;
				CLANG_WARN_BOOL_CONVERSION = YES;
				CLANG_WARN_CONSTANT_CONVERSION = YES;
				CLANG_WARN_DIRECT_OBJC_ISA_USAGE = YES_ERROR;
				CLANG_WARN_EMPTY_BODY = YES;
				CLANG_WARN_ENUM_CONVERSION = YES;
				CLANG_WARN_INT_CONVERSION = YES;
				CLANG_WARN_OBJC_ROOT_CLASS = YES_ERROR;
				CLANG_WARN_UNREACHABLE_CODE = YES;
				CLANG_WARN__DUPLICATE_METHOD_MATCH = YES;
				"CODE_SIGN_IDENTITY[sdk=iphoneos*]" = "iPhone Developer";
				COPY_PHASE_STRIP = NO;
				DEBUG_INFORMATION_FORMAT = "dwarf-with-dsym";
				ENABLE_NS_ASSERTIONS = NO;
				ENABLE_STRICT_OBJC_MSGSEND = YES;
				GCC_C_LANGUAGE_STANDARD = gnu99;
				GCC_NO_COMMON_BLOCKS = YES;
				GCC_WARN_64_TO_32_BIT_CONVERSION = YES;
				GCC_WARN_ABOUT_RETURN_TYPE = YES_ERROR;
				GCC_WARN_UNDECLARED_SELECTOR = YES;
				GCC_WARN_UNINITIALIZED_AUTOS = YES_AGGRESSIVE;
				GCC_WARN_UNUSED_FUNCTION = YES;
				GCC_WARN_UNUSED_VARIABLE = YES;
				IPHONEOS_DEPLOYMENT_TARGET = 9.0;
				MTL_ENABLE_DEBUG_INFO = NO;
				SDKROOT = iphoneos;
				VALIDATE_PRODUCT = YES;
			};
			name = Release;
		};
		9699F4381C0402E70031BFB4 /* Debug */ = {
			isa = XCBuildConfiguration;
			buildSettings = {
				ASSETCATALOG_COMPILER_APPICON_NAME = AppIcon;
				INFOPLIST_FILE = 34GoldCoinTimeAccount/Info.plist;
				LD_RUNPATH_SEARCH_PATHS = "$(inherited) @executable_path/Frameworks";
				PRODUCT_BUNDLE_IDENTIFIER = "com.jasonai.-4GoldCoinTimeAccount";
				PRODUCT_NAME = "$(TARGET_NAME)";
			};
			name = Debug;
		};
		9699F4391C0402E70031BFB4 /* Release */ = {
			isa = XCBuildConfiguration;
			buildSettings = {
				ASSETCATALOG_COMPILER_APPICON_NAME = AppIcon;
				INFOPLIST_FILE = 34GoldCoinTimeAccount/Info.plist;
				LD_RUNPATH_SEARCH_PATHS = "$(inherited) @executable_path/Frameworks";
				PRODUCT_BUNDLE_IDENTIFIER = "com.jasonai.-4GoldCoinTimeAccount";
				PRODUCT_NAME = "$(TARGET_NAME)";
			};
			name = Release;
		};
/* End XCBuildConfiguration section */

/* Begin XCConfigurationList section */
		9699F4181C0402E70031BFB4 /* Build configuration list for PBXProject "34GoldCoinTimeAccount" */ = {
			isa = XCConfigurationList;
			buildConfigurations = (
				9699F4351C0402E70031BFB4 /* Debug */,
				9699F4361C0402E70031BFB4 /* Release */,
			);
			defaultConfigurationIsVisible = 0;
			defaultConfigurationName = Release;
		};
		9699F4371C0402E70031BFB4 /* Build configuration list for PBXNativeTarget "34GoldCoinTimeAccount" */ = {
			isa = XCConfigurationList;
			buildConfigurations = (
				9699F4381C0402E70031BFB4 /* Debug */,
				9699F4391C0402E70031BFB4 /* Release */,
			);
			defaultConfigurationIsVisible = 0;
			defaultConfigurationName = Release;
		};
/* End XCConfigurationList section */

/* Begin XCVersionGroup section */
		9699F42C1C0402E70031BFB4 /* _4GoldCoinTimeAccount.xcdatamodeld */ = {
			isa = XCVersionGroup;
			children = (
				9699F42D1C0402E70031BFB4 /* _4GoldCoinTimeAccount.xcdatamodel */,
			);
			currentVersion = 9699F42D1C0402E70031BFB4 /* _4GoldCoinTimeAccount.xcdatamodel */;
			path = _4GoldCoinTimeAccount.xcdatamodeld;
			sourceTree = "<group>";
			versionGroupType = wrapper.xcdatamodel;
		};
/* End XCVersionGroup section */
	};
	rootObject = 9699F4151C0402E70031BFB4 /* Project object */;
}
